// !$*UTF8*$!
{
	archiveVersion = 1;
	classes = {
	};
	objectVersion = 50;
	objects = {

/* Begin PBXBuildFile section */
		4D63472322A83AC900A7BBCF /* AppDelegate.swift in Sources */ = {isa = PBXBuildFile; fileRef = 4D63472222A83AC900A7BBCF /* AppDelegate.swift */; };
		4D63472522A83AC900A7BBCF /* SceneDelegate.swift in Sources */ = {isa = PBXBuildFile; fileRef = 4D63472422A83AC900A7BBCF /* SceneDelegate.swift */; };
		4D63472722A83AC900A7BBCF /* ContentView.swift in Sources */ = {isa = PBXBuildFile; fileRef = 4D63472622A83AC900A7BBCF /* ContentView.swift */; };
		4D63472922A83ACA00A7BBCF /* Assets.xcassets in Resources */ = {isa = PBXBuildFile; fileRef = 4D63472822A83ACA00A7BBCF /* Assets.xcassets */; };
		4D63472C22A83ACA00A7BBCF /* Preview Assets.xcassets in Resources */ = {isa = PBXBuildFile; fileRef = 4D63472B22A83ACA00A7BBCF /* Preview Assets.xcassets */; };
		4D63472F22A83ACA00A7BBCF /* LaunchScreen.storyboard in Resources */ = {isa = PBXBuildFile; fileRef = 4D63472D22A83ACA00A7BBCF /* LaunchScreen.storyboard */; };
		4D63473A22A83ACA00A7BBCF /* testSwiftUITests.swift in Sources */ = {isa = PBXBuildFile; fileRef = 4D63473922A83ACA00A7BBCF /* testSwiftUITests.swift */; };
		4D63474522A83ACB00A7BBCF /* testSwiftUIUITests.swift in Sources */ = {isa = PBXBuildFile; fileRef = 4D63474422A83ACB00A7BBCF /* testSwiftUIUITests.swift */; };
/* End PBXBuildFile section */

/* Begin PBXContainerItemProxy section */
		4D63473622A83ACA00A7BBCF /* PBXContainerItemProxy */ = {
			isa = PBXContainerItemProxy;
			containerPortal = 4D63471722A83AC900A7BBCF /* Project object */;
			proxyType = 1;
			remoteGlobalIDString = 4D63471E22A83AC900A7BBCF;
			remoteInfo = testSwiftUI;
		};
		4D63474122A83ACB00A7BBCF /* PBXContainerItemProxy */ = {
			isa = PBXContainerItemProxy;
			containerPortal = 4D63471722A83AC900A7BBCF /* Project object */;
			proxyType = 1;
			remoteGlobalIDString = 4D63471E22A83AC900A7BBCF;
			remoteInfo = testSwiftUI;
		};
/* End PBXContainerItemProxy section */

/* Begin PBXFileReference section */
		4D63471F22A83AC900A7BBCF /* testSwiftUI.app */ = {isa = PBXFileReference; explicitFileType = wrapper.application; includeInIndex = 0; path = testSwiftUI.app; sourceTree = BUILT_PRODUCTS_DIR; };
		4D63472222A83AC900A7BBCF /* AppDelegate.swift */ = {isa = PBXFileReference; lastKnownFileType = sourcecode.swift; path = AppDelegate.swift; sourceTree = "<group>"; };
		4D63472422A83AC900A7BBCF /* SceneDelegate.swift */ = {isa = PBXFileReference; lastKnownFileType = sourcecode.swift; path = SceneDelegate.swift; sourceTree = "<group>"; };
		4D63472622A83AC900A7BBCF /* ContentView.swift */ = {isa = PBXFileReference; lastKnownFileType = sourcecode.swift; path = ContentView.swift; sourceTree = "<group>"; };
		4D63472822A83ACA00A7BBCF /* Assets.xcassets */ = {isa = PBXFileReference; lastKnownFileType = folder.assetcatalog; path = Assets.xcassets; sourceTree = "<group>"; };
		4D63472B22A83ACA00A7BBCF /* Preview Assets.xcassets */ = {isa = PBXFileReference; lastKnownFileType = folder.assetcatalog; path = "Preview Assets.xcassets"; sourceTree = "<group>"; };
		4D63472E22A83ACA00A7BBCF /* Base */ = {isa = PBXFileReference; lastKnownFileType = file.storyboard; name = Base; path = Base.lproj/LaunchScreen.storyboard; sourceTree = "<group>"; };
		4D63473022A83ACA00A7BBCF /* Info.plist */ = {isa = PBXFileReference; lastKnownFileType = text.plist.xml; path = Info.plist; sourceTree = "<group>"; };
		4D63473522A83ACA00A7BBCF /* testSwiftUITests.xctest */ = {isa = PBXFileReference; explicitFileType = wrapper.cfbundle; includeInIndex = 0; path = testSwiftUITests.xctest; sourceTree = BUILT_PRODUCTS_DIR; };
		4D63473922A83ACA00A7BBCF /* testSwiftUITests.swift */ = {isa = PBXFileReference; lastKnownFileType = sourcecode.swift; path = testSwiftUITests.swift; sourceTree = "<group>"; };
		4D63473B22A83ACA00A7BBCF /* Info.plist */ = {isa = PBXFileReference; lastKnownFileType = text.plist.xml; path = Info.plist; sourceTree = "<group>"; };
		4D63474022A83ACA00A7BBCF /* testSwiftUIUITests.xctest */ = {isa = PBXFileReference; explicitFileType = wrapper.cfbundle; includeInIndex = 0; path = testSwiftUIUITests.xctest; sourceTree = BUILT_PRODUCTS_DIR; };
		4D63474422A83ACB00A7BBCF /* testSwiftUIUITests.swift */ = {isa = PBXFileReference; lastKnownFileType = sourcecode.swift; path = testSwiftUIUITests.swift; sourceTree = "<group>"; };
		4D63474622A83ACB00A7BBCF /* Info.plist */ = {isa = PBXFileReference; lastKnownFileType = text.plist.xml; path = Info.plist; sourceTree = "<group>"; };
/* End PBXFileReference section */

/* Begin PBXFrameworksBuildPhase section */
		4D63471C22A83AC900A7BBCF /* Frameworks */ = {
			isa = PBXFrameworksBuildPhase;
			buildActionMask = 2147483647;
			files = (
			);
			runOnlyForDeploymentPostprocessing = 0;
		};
		4D63473222A83ACA00A7BBCF /* Frameworks */ = {
			isa = PBXFrameworksBuildPhase;
			buildActionMask = 2147483647;
			files = (
			);
			runOnlyForDeploymentPostprocessing = 0;
		};
		4D63473D22A83ACA00A7BBCF /* Frameworks */ = {
			isa = PBXFrameworksBuildPhase;
			buildActionMask = 2147483647;
			files = (
			);
			runOnlyForDeploymentPostprocessing = 0;
		};
/* End PBXFrameworksBuildPhase section */

/* Begin PBXGroup section */
		4D63471622A83AC900A7BBCF = {
			isa = PBXGroup;
			children = (
				4D63472122A83AC900A7BBCF /* testSwiftUI */,
				4D63473822A83ACA00A7BBCF /* testSwiftUITests */,
				4D63474322A83ACB00A7BBCF /* testSwiftUIUITests */,
				4D63472022A83AC900A7BBCF /* Products */,
			);
			sourceTree = "<group>";
		};
		4D63472022A83AC900A7BBCF /* Products */ = {
			isa = PBXGroup;
			children = (
				4D63471F22A83AC900A7BBCF /* testSwiftUI.app */,
				4D63473522A83ACA00A7BBCF /* testSwiftUITests.xctest */,
				4D63474022A83ACA00A7BBCF /* testSwiftUIUITests.xctest */,
			);
			name = Products;
			sourceTree = "<group>";
		};
		4D63472122A83AC900A7BBCF /* testSwiftUI */ = {
			isa = PBXGroup;
			children = (
				4D63472222A83AC900A7BBCF /* AppDelegate.swift */,
				4D63472422A83AC900A7BBCF /* SceneDelegate.swift */,
				4D63472622A83AC900A7BBCF /* ContentView.swift */,
				4D63472822A83ACA00A7BBCF /* Assets.xcassets */,
				4D63472D22A83ACA00A7BBCF /* LaunchScreen.storyboard */,
				4D63473022A83ACA00A7BBCF /* Info.plist */,
				4D63472A22A83ACA00A7BBCF /* Preview Content */,
			);
			path = testSwiftUI;
			sourceTree = "<group>";
		};
		4D63472A22A83ACA00A7BBCF /* Preview Content */ = {
			isa = PBXGroup;
			children = (
				4D63472B22A83ACA00A7BBCF /* Preview Assets.xcassets */,
			);
			path = "Preview Content";
			sourceTree = "<group>";
		};
		4D63473822A83ACA00A7BBCF /* testSwiftUITests */ = {
			isa = PBXGroup;
			children = (
				4D63473922A83ACA00A7BBCF /* testSwiftUITests.swift */,
				4D63473B22A83ACA00A7BBCF /* Info.plist */,
			);
			path = testSwiftUITests;
			sourceTree = "<group>";
		};
		4D63474322A83ACB00A7BBCF /* testSwiftUIUITests */ = {
			isa = PBXGroup;
			children = (
				4D63474422A83ACB00A7BBCF /* testSwiftUIUITests.swift */,
				4D63474622A83ACB00A7BBCF /* Info.plist */,
			);
			path = testSwiftUIUITests;
			sourceTree = "<group>";
		};
/* End PBXGroup section */

/* Begin PBXNativeTarget section */
		4D63471E22A83AC900A7BBCF /* testSwiftUI */ = {
			isa = PBXNativeTarget;
			buildConfigurationList = 4D63474922A83ACB00A7BBCF /* Build configuration list for PBXNativeTarget "testSwiftUI" */;
			buildPhases = (
				4D63471B22A83AC900A7BBCF /* Sources */,
				4D63471C22A83AC900A7BBCF /* Frameworks */,
				4D63471D22A83AC900A7BBCF /* Resources */,
			);
			buildRules = (
			);
			dependencies = (
			);
			name = testSwiftUI;
			productName = testSwiftUI;
			productReference = 4D63471F22A83AC900A7BBCF /* testSwiftUI.app */;
			productType = "com.apple.product-type.application";
		};
		4D63473422A83ACA00A7BBCF /* testSwiftUITests */ = {
			isa = PBXNativeTarget;
			buildConfigurationList = 4D63474C22A83ACB00A7BBCF /* Build configuration list for PBXNativeTarget "testSwiftUITests" */;
			buildPhases = (
				4D63473122A83ACA00A7BBCF /* Sources */,
				4D63473222A83ACA00A7BBCF /* Frameworks */,
				4D63473322A83ACA00A7BBCF /* Resources */,
			);
			buildRules = (
			);
			dependencies = (
				4D63473722A83ACA00A7BBCF /* PBXTargetDependency */,
			);
			name = testSwiftUITests;
			productName = testSwiftUITests;
			productReference = 4D63473522A83ACA00A7BBCF /* testSwiftUITests.xctest */;
			productType = "com.apple.product-type.bundle.unit-test";
		};
		4D63473F22A83ACA00A7BBCF /* testSwiftUIUITests */ = {
			isa = PBXNativeTarget;
			buildConfigurationList = 4D63474F22A83ACB00A7BBCF /* Build configuration list for PBXNativeTarget "testSwiftUIUITests" */;
			buildPhases = (
				4D63473C22A83ACA00A7BBCF /* Sources */,
				4D63473D22A83ACA00A7BBCF /* Frameworks */,
				4D63473E22A83ACA00A7BBCF /* Resources */,
			);
			buildRules = (
			);
			dependencies = (
				4D63474222A83ACB00A7BBCF /* PBXTargetDependency */,
			);
			name = testSwiftUIUITests;
			productName = testSwiftUIUITests;
			productReference = 4D63474022A83ACA00A7BBCF /* testSwiftUIUITests.xctest */;
			productType = "com.apple.product-type.bundle.ui-testing";
		};
/* End PBXNativeTarget section */

/* Begin PBXProject section */
		4D63471722A83AC900A7BBCF /* Project object */ = {
			isa = PBXProject;
			attributes = {
				LastSwiftUpdateCheck = 1100;
				LastUpgradeCheck = 1100;
				ORGANIZATIONNAME = "nunzio giulio caggegi";
				TargetAttributes = {
					4D63471E22A83AC900A7BBCF = {
						CreatedOnToolsVersion = 11.0;
					};
					4D63473422A83ACA00A7BBCF = {
						CreatedOnToolsVersion = 11.0;
						TestTargetID = 4D63471E22A83AC900A7BBCF;
					};
					4D63473F22A83ACA00A7BBCF = {
						CreatedOnToolsVersion = 11.0;
						TestTargetID = 4D63471E22A83AC900A7BBCF;
					};
				};
			};
			buildConfigurationList = 4D63471A22A83AC900A7BBCF /* Build configuration list for PBXProject "testSwiftUI" */;
			compatibilityVersion = "Xcode 9.3";
			developmentRegion = en;
			hasScannedForEncodings = 0;
			knownRegions = (
				en,
				Base,
			);
			mainGroup = 4D63471622A83AC900A7BBCF;
			productRefGroup = 4D63472022A83AC900A7BBCF /* Products */;
			projectDirPath = "";
			projectRoot = "";
			targets = (
				4D63471E22A83AC900A7BBCF /* testSwiftUI */,
				4D63473422A83ACA00A7BBCF /* testSwiftUITests */,
				4D63473F22A83ACA00A7BBCF /* testSwiftUIUITests */,
			);
		};
/* End PBXProject section */

/* Begin PBXResourcesBuildPhase section */
		4D63471D22A83AC900A7BBCF /* Resources */ = {
			isa = PBXResourcesBuildPhase;
			buildActionMask = 2147483647;
			files = (
				4D63472F22A83ACA00A7BBCF /* LaunchScreen.storyboard in Resources */,
				4D63472C22A83ACA00A7BBCF /* Preview Assets.xcassets in Resources */,
				4D63472922A83ACA00A7BBCF /* Assets.xcassets in Resources */,
			);
			runOnlyForDeploymentPostprocessing = 0;
		};
		4D63473322A83ACA00A7BBCF /* Resources */ = {
			isa = PBXResourcesBuildPhase;
			buildActionMask = 2147483647;
			files = (
			);
			runOnlyForDeploymentPostprocessing = 0;
		};
		4D63473E22A83ACA00A7BBCF /* Resources */ = {
			isa = PBXResourcesBuildPhase;
			buildActionMask = 2147483647;
			files = (
			);
			runOnlyForDeploymentPostprocessing = 0;
		};
/* End PBXResourcesBuildPhase section */

/* Begin PBXSourcesBuildPhase section */
		4D63471B22A83AC900A7BBCF /* Sources */ = {
			isa = PBXSourcesBuildPhase;
			buildActionMask = 2147483647;
			files = (
				4D63472322A83AC900A7BBCF /* AppDelegate.swift in Sources */,
				4D63472522A83AC900A7BBCF /* SceneDelegate.swift in Sources */,
				4D63472722A83AC900A7BBCF /* ContentView.swift in Sources */,
			);
			runOnlyForDeploymentPostprocessing = 0;
		};
		4D63473122A83ACA00A7BBCF /* Sources */ = {
			isa = PBXSourcesBuildPhase;
			buildActionMask = 2147483647;
			files = (
				4D63473A22A83ACA00A7BBCF /* testSwiftUITests.swift in Sources */,
			);
			runOnlyForDeploymentPostprocessing = 0;
		};
		4D63473C22A83ACA00A7BBCF /* Sources */ = {
			isa = PBXSourcesBuildPhase;
			buildActionMask = 2147483647;
			files = (
				4D63474522A83ACB00A7BBCF /* testSwiftUIUITests.swift in Sources */,
			);
			runOnlyForDeploymentPostprocessing = 0;
		};
/* End PBXSourcesBuildPhase section */

/* Begin PBXTargetDependency section */
		4D63473722A83ACA00A7BBCF /* PBXTargetDependency */ = {
			isa = PBXTargetDependency;
			target = 4D63471E22A83AC900A7BBCF /* testSwiftUI */;
			targetProxy = 4D63473622A83ACA00A7BBCF /* PBXContainerItemProxy */;
		};
		4D63474222A83ACB00A7BBCF /* PBXTargetDependency */ = {
			isa = PBXTargetDependency;
			target = 4D63471E22A83AC900A7BBCF /* testSwiftUI */;
			targetProxy = 4D63474122A83ACB00A7BBCF /* PBXContainerItemProxy */;
		};
/* End PBXTargetDependency section */

/* Begin PBXVariantGroup section */
		4D63472D22A83ACA00A7BBCF /* LaunchScreen.storyboard */ = {
			isa = PBXVariantGroup;
			children = (
				4D63472E22A83ACA00A7BBCF /* Base */,
			);
			name = LaunchScreen.storyboard;
			sourceTree = "<group>";
		};
/* End PBXVariantGroup section */

/* Begin XCBuildConfiguration section */
		4D63474722A83ACB00A7BBCF /* Debug */ = {
			isa = XCBuildConfiguration;
			buildSettings = {
				ALWAYS_SEARCH_USER_PATHS = NO;
				CLANG_ANALYZER_NONNULL = YES;
				CLANG_ANALYZER_NUMBER_OBJECT_CONVERSION = YES_AGGRESSIVE;
				CLANG_CXX_LANGUAGE_STANDARD = "gnu++14";
				CLANG_CXX_LIBRARY = "libc++";
				CLANG_ENABLE_MODULES = YES;
				CLANG_ENABLE_OBJC_ARC = YES;
				CLANG_ENABLE_OBJC_WEAK = YES;
				CLANG_WARN_BLOCK_CAPTURE_AUTORELEASING = YES;
				CLANG_WARN_BOOL_CONVERSION = YES;
				CLANG_WARN_COMMA = YES;
				CLANG_WARN_CONSTANT_CONVERSION = YES;
				CLANG_WARN_DEPRECATED_OBJC_IMPLEMENTATIONS = YES;
				CLANG_WARN_DIRECT_OBJC_ISA_USAGE = YES_ERROR;
				CLANG_WARN_DOCUMENTATION_COMMENTS = YES;
				CLANG_WARN_EMPTY_BODY = YES;
				CLANG_WARN_ENUM_CONVERSION = YES;
				CLANG_WARN_INFINITE_RECURSION = YES;
				CLANG_WARN_INT_CONVERSION = YES;
				CLANG_WARN_NON_LITERAL_NULL_CONVERSION = YES;
				CLANG_WARN_OBJC_IMPLICIT_RETAIN_SELF = YES;
				CLANG_WARN_OBJC_LITERAL_CONVERSION = YES;
				CLANG_WARN_OBJC_ROOT_CLASS = YES_ERROR;
				CLANG_WARN_RANGE_LOOP_ANALYSIS = YES;
				CLANG_WARN_STRICT_PROTOTYPES = YES;
				CLANG_WARN_SUSPICIOUS_MOVE = YES;
				CLANG_WARN_UNGUARDED_AVAILABILITY = YES_AGGRESSIVE;
				CLANG_WARN_UNREACHABLE_CODE = YES;
				CLANG_WARN__DUPLICATE_METHOD_MATCH = YES;
				COPY_PHASE_STRIP = NO;
				DEBUG_INFORMATION_FORMAT = dwarf;
				ENABLE_STRICT_OBJC_MSGSEND = YES;
				ENABLE_TESTABILITY = YES;
				GCC_C_LANGUAGE_STANDARD = gnu11;
				GCC_DYNAMIC_NO_PIC = NO;
				GCC_NO_COMMON_BLOCKS = YES;
				GCC_OPTIMIZATION_LEVEL = 0;
				GCC_PREPROCESSOR_DEFINITIONS = (
					"DEBUG=1",
					"$(inherited)",
				);
				GCC_WARN_64_TO_32_BIT_CONVERSION = YES;
				GCC_WARN_ABOUT_RETURN_TYPE = YES_ERROR;
				GCC_WARN_UNDECLARED_SELECTOR = YES;
				GCC_WARN_UNINITIALIZED_AUTOS = YES_AGGRESSIVE;
				GCC_WARN_UNUSED_FUNCTION = YES;
				GCC_WARN_UNUSED_VARIABLE = YES;
				IPHONEOS_DEPLOYMENT_TARGET = 13.0;
				MTL_ENABLE_DEBUG_INFO = INCLUDE_SOURCE;
				MTL_FAST_MATH = YES;
				ONLY_ACTIVE_ARCH = YES;
				SDKROOT = iphoneos;
				SWIFT_ACTIVE_COMPILATION_CONDITIONS = DEBUG;
				SWIFT_OPTIMIZATION_LEVEL = "-Onone";
			};
			name = Debug;
		};
		4D63474822A83ACB00A7BBCF /* Release */ = {
			isa = XCBuildConfiguration;
			buildSettings = {
				ALWAYS_SEARCH_USER_PATHS = NO;
				CLANG_ANALYZER_NONNULL = YES;
				CLANG_ANALYZER_NUMBER_OBJECT_CONVERSION = YES_AGGRESSIVE;
				CLANG_CXX_LANGUAGE_STANDARD = "gnu++14";
				CLANG_CXX_LIBRARY = "libc++";
				CLANG_ENABLE_MODULES = YES;
				CLANG_ENABLE_OBJC_ARC = YES;
				CLANG_ENABLE_OBJC_WEAK = YES;
				CLANG_WARN_BLOCK_CAPTURE_AUTORELEASING = YES;
				CLANG_WARN_BOOL_CONVERSION = YES;
				CLANG_WARN_COMMA = YES;
				CLANG_WARN_CONSTANT_CONVERSION = YES;
				CLANG_WARN_DEPRECATED_OBJC_IMPLEMENTATIONS = YES;
				CLANG_WARN_DIRECT_OBJC_ISA_USAGE = YES_ERROR;
				CLANG_WARN_DOCUMENTATION_COMMENTS = YES;
				CLANG_WARN_EMPTY_BODY = YES;
				CLANG_WARN_ENUM_CONVERSION = YES;
				CLANG_WARN_INFINITE_RECURSION = YES;
				CLANG_WARN_INT_CONVERSION = YES;
				CLANG_WARN_NON_LITERAL_NULL_CONVERSION = YES;
				CLANG_WARN_OBJC_IMPLICIT_RETAIN_SELF = YES;
				CLANG_WARN_OBJC_LITERAL_CONVERSION = YES;
				CLANG_WARN_OBJC_ROOT_CLASS = YES_ERROR;
				CLANG_WARN_RANGE_LOOP_ANALYSIS = YES;
				CLANG_WARN_STRICT_PROTOTYPES = YES;
				CLANG_WARN_SUSPICIOUS_MOVE = YES;
				CLANG_WARN_UNGUARDED_AVAILABILITY = YES_AGGRESSIVE;
				CLANG_WARN_UNREACHABLE_CODE = YES;
				CLANG_WARN__DUPLICATE_METHOD_MATCH = YES;
				COPY_PHASE_STRIP = NO;
				DEBUG_INFORMATION_FORMAT = "dwarf-with-dsym";
				ENABLE_NS_ASSERTIONS = NO;
				ENABLE_STRICT_OBJC_MSGSEND = YES;
				GCC_C_LANGUAGE_STANDARD = gnu11;
				GCC_NO_COMMON_BLOCKS = YES;
				GCC_WARN_64_TO_32_BIT_CONVERSION = YES;
				GCC_WARN_ABOUT_RETURN_TYPE = YES_ERROR;
				GCC_WARN_UNDECLARED_SELECTOR = YES;
				GCC_WARN_UNINITIALIZED_AUTOS = YES_AGGRESSIVE;
				GCC_WARN_UNUSED_FUNCTION = YES;
				GCC_WARN_UNUSED_VARIABLE = YES;
				IPHONEOS_DEPLOYMENT_TARGET = 13.0;
				MTL_ENABLE_DEBUG_INFO = NO;
				MTL_FAST_MATH = YES;
				SDKROOT = iphoneos;
				SWIFT_COMPILATION_MODE = wholemodule;
				SWIFT_OPTIMIZATION_LEVEL = "-O";
				VALIDATE_PRODUCT = YES;
			};
			name = Release;
		};
		4D63474A22A83ACB00A7BBCF /* Debug */ = {
			isa = XCBuildConfiguration;
			buildSettings = {
				ASSETCATALOG_COMPILER_APPICON_NAME = AppIcon;
				CODE_SIGN_STYLE = Automatic;
				DEVELOPMENT_ASSET_PATHS = "testSwiftUI/Preview\\ Content";
				DEVELOPMENT_TEAM = GF6WZHA9DX;
				ENABLE_PREVIEWS = YES;
				INFOPLIST_FILE = testSwiftUI/Info.plist;
				LD_RUNPATH_SEARCH_PATHS = (
					"$(inherited)",
					"@executable_path/Frameworks",
				);
				PRODUCT_BUNDLE_IDENTIFIER = com.ncg.testSwiftUI.testSwiftUI;
				PRODUCT_NAME = "$(TARGET_NAME)";
				SWIFT_VERSION = 5.0;
				TARGETED_DEVICE_FAMILY = "1,2";
			};
			name = Debug;
		};
		4D63474B22A83ACB00A7BBCF /* Release */ = {
			isa = XCBuildConfiguration;
			buildSettings = {
				ASSETCATALOG_COMPILER_APPICON_NAME = AppIcon;
				CODE_SIGN_STYLE = Automatic;
				DEVELOPMENT_ASSET_PATHS = "testSwiftUI/Preview\\ Content";
				DEVELOPMENT_TEAM = GF6WZHA9DX;
				ENABLE_PREVIEWS = YES;
				INFOPLIST_FILE = testSwiftUI/Info.plist;
				LD_RUNPATH_SEARCH_PATHS = (
					"$(inherited)",
					"@executable_path/Frameworks",
				);
				PRODUCT_BUNDLE_IDENTIFIER = com.ncg.testSwiftUI.testSwiftUI;
				PRODUCT_NAME = "$(TARGET_NAME)";
				SWIFT_VERSION = 5.0;
				TARGETED_DEVICE_FAMILY = "1,2";
			};
			name = Release;
		};
		4D63474D22A83ACB00A7BBCF /* Debug */ = {
			isa = XCBuildConfiguration;
			buildSettings = {
				ALWAYS_EMBED_SWIFT_STANDARD_LIBRARIES = YES;
				BUNDLE_LOADER = "$(TEST_HOST)";
				CODE_SIGN_STYLE = Automatic;
				DEVELOPMENT_TEAM = GF6WZHA9DX;
				INFOPLIST_FILE = testSwiftUITests/Info.plist;
				LD_RUNPATH_SEARCH_PATHS = (
					"$(inherited)",
					"@executable_path/Frameworks",
					"@loader_path/Frameworks",
				);
				PRODUCT_BUNDLE_IDENTIFIER = com.ncg.testSwiftUI.testSwiftUITests;
				PRODUCT_NAME = "$(TARGET_NAME)";
				SWIFT_VERSION = 5.0;
				TARGETED_DEVICE_FAMILY = "1,2";
				TEST_HOST = "$(BUILT_PRODUCTS_DIR)/testSwiftUI.app/testSwiftUI";
			};
			name = Debug;
		};
		4D63474E22A83ACB00A7BBCF /* Release */ = {
			isa = XCBuildConfiguration;
			buildSettings = {
				ALWAYS_EMBED_SWIFT_STANDARD_LIBRARIES = YES;
				BUNDLE_LOADER = "$(TEST_HOST)";
				CODE_SIGN_STYLE = Automatic;
				DEVELOPMENT_TEAM = GF6WZHA9DX;
				INFOPLIST_FILE = testSwiftUITests/Info.plist;
				LD_RUNPATH_SEARCH_PATHS = (
					"$(inherited)",
					"@executable_path/Frameworks",
					"@loader_path/Frameworks",
				);
				PRODUCT_BUNDLE_IDENTIFIER = com.ncg.testSwiftUI.testSwiftUITests;
				PRODUCT_NAME = "$(TARGET_NAME)";
				SWIFT_VERSION = 5.0;
				TARGETED_DEVICE_FAMILY = "1,2";
				TEST_HOST = "$(BUILT_PRODUCTS_DIR)/testSwiftUI.app/testSwiftUI";
			};
			name = Release;
		};
		4D63475022A83ACB00A7BBCF /* Debug */ = {
			isa = XCBuildConfiguration;
			buildSettings = {
				ALWAYS_EMBED_SWIFT_STANDARD_LIBRARIES = YES;
				CODE_SIGN_STYLE = Automatic;
				DEVELOPMENT_TEAM = GF6WZHA9DX;
				INFOPLIST_FILE = testSwiftUIUITests/Info.plist;
				LD_RUNPATH_SEARCH_PATHS = (
					"$(inherited)",
					"@executable_path/Frameworks",
					"@loader_path/Frameworks",
				);
				PRODUCT_BUNDLE_IDENTIFIER = com.ncg.testSwiftUI.testSwiftUIUITests;
				PRODUCT_NAME = "$(TARGET_NAME)";
				SWIFT_VERSION = 5.0;
				TARGETED_DEVICE_FAMILY = "1,2";
				TEST_TARGET_NAME = testSwiftUI;
			};
			name = Debug;
		};
		4D63475122A83ACB00A7BBCF /* Release */ = {
			isa = XCBuildConfiguration;
			buildSettings = {
				ALWAYS_EMBED_SWIFT_STANDARD_LIBRARIES = YES;
				CODE_SIGN_STYLE = Automatic;
				DEVELOPMENT_TEAM = GF6WZHA9DX;
				INFOPLIST_FILE = testSwiftUIUITests/Info.plist;
				LD_RUNPATH_SEARCH_PATHS = (
					"$(inherited)",
					"@executable_path/Frameworks",
					"@loader_path/Frameworks",
				);
				PRODUCT_BUNDLE_IDENTIFIER = com.ncg.testSwiftUI.testSwiftUIUITests;
				PRODUCT_NAME = "$(TARGET_NAME)";
				SWIFT_VERSION = 5.0;
				TARGETED_DEVICE_FAMILY = "1,2";
				TEST_TARGET_NAME = testSwiftUI;
			};
			name = Release;
		};
/* End XCBuildConfiguration section */

/* Begin XCConfigurationList section */
		4D63471A22A83AC900A7BBCF /* Build configuration list for PBXProject "testSwiftUI" */ = {
			isa = XCConfigurationList;
			buildConfigurations = (
				4D63474722A83ACB00A7BBCF /* Debug */,
				4D63474822A83ACB00A7BBCF /* Release */,
			);
			defaultConfigurationIsVisible = 0;
			defaultConfigurationName = Release;
		};
		4D63474922A83ACB00A7BBCF /* Build configuration list for PBXNativeTarget "testSwiftUI" */ = {
			isa = XCConfigurationList;
			buildConfigurations = (
				4D63474A22A83ACB00A7BBCF /* Debug */,
				4D63474B22A83ACB00A7BBCF /* Release */,
			);
			defaultConfigurationIsVisible = 0;
			defaultConfigurationName = Release;
		};
		4D63474C22A83ACB00A7BBCF /* Build configuration list for PBXNativeTarget "testSwiftUITests" */ = {
			isa = XCConfigurationList;
			buildConfigurations = (
				4D63474D22A83ACB00A7BBCF /* Debug */,
				4D63474E22A83ACB00A7BBCF /* Release */,
			);
			defaultConfigurationIsVisible = 0;
			defaultConfigurationName = Release;
		};
		4D63474F22A83ACB00A7BBCF /* Build configuration list for PBXNativeTarget "testSwiftUIUITests" */ = {
			isa = XCConfigurationList;
			buildConfigurations = (
				4D63475022A83ACB00A7BBCF /* Debug */,
				4D63475122A83ACB00A7BBCF /* Release */,
			);
			defaultConfigurationIsVisible = 0;
			defaultConfigurationName = Release;
		};
/* End XCConfigurationList section */
	};
	rootObject = 4D63471722A83AC900A7BBCF /* Project object */;
}
