// !$*UTF8*$!
{
	archiveVersion = 1;
	classes = {
	};
	objectVersion = 51;
	objects = {

/* Begin PBXBuildFile section */
		1735AB48CBFA7FC04D1B47E9 /* Pods_testSwiftUIUITests.framework in Frameworks */ = {isa = PBXBuildFile; fileRef = 212542CAE25FBE6388B64AA1 /* Pods_testSwiftUIUITests.framework */; };
		4D49C4BD46B790C885CED5AC /* Pods_testSwiftUI.framework in Frameworks */ = {isa = PBXBuildFile; fileRef = A422B56CB000519AB4304DB7 /* Pods_testSwiftUI.framework */; };
		4D4EF3E422AFC0B30034552C /* TestListSwiftUI.swift in Sources */ = {isa = PBXBuildFile; fileRef = 4D4EF3E322AFC0B30034552C /* TestListSwiftUI.swift */; };
		4D4EF3E822AFE89C0034552C /* Clients.swift in Sources */ = {isa = PBXBuildFile; fileRef = 4D4EF3E722AFE89C0034552C /* Clients.swift */; };
		4D4EF3EC22B0FE0C0034552C /* CollectionCellTestSwiftUI.swift in Sources */ = {isa = PBXBuildFile; fileRef = 4D4EF3EB22B0FE0C0034552C /* CollectionCellTestSwiftUI.swift */; };
		4D4EF3EE22B0FFDE0034552C /* CollectionTestSwiftUI.swift in Sources */ = {isa = PBXBuildFile; fileRef = 4D4EF3ED22B0FFDE0034552C /* CollectionTestSwiftUI.swift */; };
		4D63472322A83AC900A7BBCF /* AppDelegate.swift in Sources */ = {isa = PBXBuildFile; fileRef = 4D63472222A83AC900A7BBCF /* AppDelegate.swift */; };
		4D63472522A83AC900A7BBCF /* SceneDelegate.swift in Sources */ = {isa = PBXBuildFile; fileRef = 4D63472422A83AC900A7BBCF /* SceneDelegate.swift */; };
		4D63472722A83AC900A7BBCF /* ContentView.swift in Sources */ = {isa = PBXBuildFile; fileRef = 4D63472622A83AC900A7BBCF /* ContentView.swift */; };
		4D63472922A83ACA00A7BBCF /* Assets.xcassets in Resources */ = {isa = PBXBuildFile; fileRef = 4D63472822A83ACA00A7BBCF /* Assets.xcassets */; };
		4D63472C22A83ACA00A7BBCF /* Preview Assets.xcassets in Resources */ = {isa = PBXBuildFile; fileRef = 4D63472B22A83ACA00A7BBCF /* Preview Assets.xcassets */; };
		4D63472F22A83ACA00A7BBCF /* LaunchScreen.storyboard in Resources */ = {isa = PBXBuildFile; fileRef = 4D63472D22A83ACA00A7BBCF /* LaunchScreen.storyboard */; };
		4D63473A22A83ACA00A7BBCF /* testSwiftUITests.swift in Sources */ = {isa = PBXBuildFile; fileRef = 4D63473922A83ACA00A7BBCF /* testSwiftUITests.swift */; };
		4D63474522A83ACB00A7BBCF /* testSwiftUIUITests.swift in Sources */ = {isa = PBXBuildFile; fileRef = 4D63474422A83ACB00A7BBCF /* testSwiftUIUITests.swift */; };
		4D6F299322A94EE80049D468 /* ViewController.swift in Sources */ = {isa = PBXBuildFile; fileRef = 4D6F299222A94EE80049D468 /* ViewController.swift */; };
		4D6F299522A95AA20049D468 /* Storyboard.storyboard in Resources */ = {isa = PBXBuildFile; fileRef = 4D6F299422A95AA20049D468 /* Storyboard.storyboard */; };
		4D8CDECF22B8BB2A00C8ABFB /* DetailSwiftUIView.swift in Sources */ = {isa = PBXBuildFile; fileRef = 4D8CDECE22B8BB2A00C8ABFB /* DetailSwiftUIView.swift */; };
		4D9E106D22AA378800326263 /* CircleImage.swift in Sources */ = {isa = PBXBuildFile; fileRef = 4D9E106C22AA378800326263 /* CircleImage.swift */; };
		4D9E107122AFAD1800326263 /* Client.swift in Sources */ = {isa = PBXBuildFile; fileRef = 4D9E106F22AFAD1800326263 /* Client.swift */; };
		4D9E107422AFADF600326263 /* TestRowSwiftUI.swift in Sources */ = {isa = PBXBuildFile; fileRef = 4D9E107322AFADF600326263 /* TestRowSwiftUI.swift */; };
		4D9E107622AFAF1A00326263 /* clientData.json in Resources */ = {isa = PBXBuildFile; fileRef = 4D9E107522AFAF1A00326263 /* clientData.json */; };
		4D9E107822AFB7A700326263 /* Shared.swift in Sources */ = {isa = PBXBuildFile; fileRef = 4D9E107722AFB7A700326263 /* Shared.swift */; };
		BB84FD4FA476D6E6E8653ED7 /* Pods_testSwiftUITests.framework in Frameworks */ = {isa = PBXBuildFile; fileRef = 6B3AA99CACD4C90C3E50890C /* Pods_testSwiftUITests.framework */; };
/* End PBXBuildFile section */

/* Begin PBXContainerItemProxy section */
		4D63473622A83ACA00A7BBCF /* PBXContainerItemProxy */ = {
			isa = PBXContainerItemProxy;
			containerPortal = 4D63471722A83AC900A7BBCF /* Project object */;
			proxyType = 1;
			remoteGlobalIDString = 4D63471E22A83AC900A7BBCF;
			remoteInfo = testSwiftUI;
		};
		4D63474122A83ACB00A7BBCF /* PBXContainerItemProxy */ = {
			isa = PBXContainerItemProxy;
			containerPortal = 4D63471722A83AC900A7BBCF /* Project object */;
			proxyType = 1;
			remoteGlobalIDString = 4D63471E22A83AC900A7BBCF;
			remoteInfo = testSwiftUI;
		};
/* End PBXContainerItemProxy section */

/* Begin PBXFileReference section */
		212542CAE25FBE6388B64AA1 /* Pods_testSwiftUIUITests.framework */ = {isa = PBXFileReference; explicitFileType = wrapper.framework; includeInIndex = 0; path = Pods_testSwiftUIUITests.framework; sourceTree = BUILT_PRODUCTS_DIR; };
		47799196C36A8EA67BBC4D85 /* Pods-testSwiftUIUITests.release.xcconfig */ = {isa = PBXFileReference; includeInIndex = 1; lastKnownFileType = text.xcconfig; name = "Pods-testSwiftUIUITests.release.xcconfig"; path = "Target Support Files/Pods-testSwiftUIUITests/Pods-testSwiftUIUITests.release.xcconfig"; sourceTree = "<group>"; };
		4D4EF3E322AFC0B30034552C /* TestListSwiftUI.swift */ = {isa = PBXFileReference; lastKnownFileType = sourcecode.swift; path = TestListSwiftUI.swift; sourceTree = "<group>"; };
		4D4EF3E722AFE89C0034552C /* Clients.swift */ = {isa = PBXFileReference; fileEncoding = 4; lastKnownFileType = sourcecode.swift; path = Clients.swift; sourceTree = "<group>"; };
		4D4EF3EB22B0FE0C0034552C /* CollectionCellTestSwiftUI.swift */ = {isa = PBXFileReference; lastKnownFileType = sourcecode.swift; path = CollectionCellTestSwiftUI.swift; sourceTree = "<group>"; };
		4D4EF3ED22B0FFDE0034552C /* CollectionTestSwiftUI.swift */ = {isa = PBXFileReference; lastKnownFileType = sourcecode.swift; path = CollectionTestSwiftUI.swift; sourceTree = "<group>"; };
		4D63471F22A83AC900A7BBCF /* testSwiftUI.app */ = {isa = PBXFileReference; explicitFileType = wrapper.application; includeInIndex = 0; path = testSwiftUI.app; sourceTree = BUILT_PRODUCTS_DIR; };
		4D63472222A83AC900A7BBCF /* AppDelegate.swift */ = {isa = PBXFileReference; lastKnownFileType = sourcecode.swift; path = AppDelegate.swift; sourceTree = "<group>"; };
		4D63472422A83AC900A7BBCF /* SceneDelegate.swift */ = {isa = PBXFileReference; lastKnownFileType = sourcecode.swift; path = SceneDelegate.swift; sourceTree = "<group>"; };
		4D63472622A83AC900A7BBCF /* ContentView.swift */ = {isa = PBXFileReference; lastKnownFileType = sourcecode.swift; path = ContentView.swift; sourceTree = "<group>"; };
		4D63472822A83ACA00A7BBCF /* Assets.xcassets */ = {isa = PBXFileReference; lastKnownFileType = folder.assetcatalog; path = Assets.xcassets; sourceTree = "<group>"; };
		4D63472B22A83ACA00A7BBCF /* Preview Assets.xcassets */ = {isa = PBXFileReference; lastKnownFileType = folder.assetcatalog; path = "Preview Assets.xcassets"; sourceTree = "<group>"; };
		4D63472E22A83ACA00A7BBCF /* Base */ = {isa = PBXFileReference; lastKnownFileType = file.storyboard; name = Base; path = Base.lproj/LaunchScreen.storyboard; sourceTree = "<group>"; };
		4D63473022A83ACA00A7BBCF /* Info.plist */ = {isa = PBXFileReference; lastKnownFileType = text.plist.xml; path = Info.plist; sourceTree = "<group>"; };
		4D63473522A83ACA00A7BBCF /* testSwiftUITests.xctest */ = {isa = PBXFileReference; explicitFileType = wrapper.cfbundle; includeInIndex = 0; path = testSwiftUITests.xctest; sourceTree = BUILT_PRODUCTS_DIR; };
		4D63473922A83ACA00A7BBCF /* testSwiftUITests.swift */ = {isa = PBXFileReference; lastKnownFileType = sourcecode.swift; path = testSwiftUITests.swift; sourceTree = "<group>"; };
		4D63473B22A83ACA00A7BBCF /* Info.plist */ = {isa = PBXFileReference; lastKnownFileType = text.plist.xml; name = Info.plist; path = ../testSwiftUITests/Info.plist; sourceTree = "<group>"; };
		4D63474022A83ACA00A7BBCF /* testSwiftUIUITests.xctest */ = {isa = PBXFileReference; explicitFileType = wrapper.cfbundle; includeInIndex = 0; path = testSwiftUIUITests.xctest; sourceTree = BUILT_PRODUCTS_DIR; };
		4D63474422A83ACB00A7BBCF /* testSwiftUIUITests.swift */ = {isa = PBXFileReference; lastKnownFileType = sourcecode.swift; path = testSwiftUIUITests.swift; sourceTree = "<group>"; };
		4D63474622A83ACB00A7BBCF /* Info.plist */ = {isa = PBXFileReference; lastKnownFileType = text.plist.xml; path = Info.plist; sourceTree = "<group>"; };
		4D6F299222A94EE80049D468 /* ViewController.swift */ = {isa = PBXFileReference; lastKnownFileType = sourcecode.swift; path = ViewController.swift; sourceTree = "<group>"; };
		4D6F299422A95AA20049D468 /* Storyboard.storyboard */ = {isa = PBXFileReference; lastKnownFileType = file.storyboard; path = Storyboard.storyboard; sourceTree = "<group>"; };
		4D8CDECE22B8BB2A00C8ABFB /* DetailSwiftUIView.swift */ = {isa = PBXFileReference; lastKnownFileType = sourcecode.swift; name = DetailSwiftUIView.swift; path = /Users/nunziogiuliocaggegi/Desktop/testSwiftUI/testSwiftUI/SwiftUI/TableView/DetailSwiftUIView.swift; sourceTree = "<absolute>"; };
		4D9E106C22AA378800326263 /* CircleImage.swift */ = {isa = PBXFileReference; lastKnownFileType = sourcecode.swift; path = CircleImage.swift; sourceTree = "<group>"; };
		4D9E106F22AFAD1800326263 /* Client.swift */ = {isa = PBXFileReference; fileEncoding = 4; lastKnownFileType = sourcecode.swift; path = Client.swift; sourceTree = "<group>"; };
		4D9E107322AFADF600326263 /* TestRowSwiftUI.swift */ = {isa = PBXFileReference; lastKnownFileType = sourcecode.swift; path = TestRowSwiftUI.swift; sourceTree = "<group>"; };
		4D9E107522AFAF1A00326263 /* clientData.json */ = {isa = PBXFileReference; fileEncoding = 4; lastKnownFileType = text.json; path = clientData.json; sourceTree = "<group>"; };
		4D9E107722AFB7A700326263 /* Shared.swift */ = {isa = PBXFileReference; lastKnownFileType = sourcecode.swift; path = Shared.swift; sourceTree = "<group>"; };
		6B3AA99CACD4C90C3E50890C /* Pods_testSwiftUITests.framework */ = {isa = PBXFileReference; explicitFileType = wrapper.framework; includeInIndex = 0; path = Pods_testSwiftUITests.framework; sourceTree = BUILT_PRODUCTS_DIR; };
		96755E9188E2634853FAB590 /* Pods-testSwiftUITests.release.xcconfig */ = {isa = PBXFileReference; includeInIndex = 1; lastKnownFileType = text.xcconfig; name = "Pods-testSwiftUITests.release.xcconfig"; path = "Target Support Files/Pods-testSwiftUITests/Pods-testSwiftUITests.release.xcconfig"; sourceTree = "<group>"; };
		99CADE10BD237BA3E5A9698B /* Pods-testSwiftUI.release.xcconfig */ = {isa = PBXFileReference; includeInIndex = 1; lastKnownFileType = text.xcconfig; name = "Pods-testSwiftUI.release.xcconfig"; path = "Target Support Files/Pods-testSwiftUI/Pods-testSwiftUI.release.xcconfig"; sourceTree = "<group>"; };
		9E0D644DE1B1206790205496 /* Pods-testSwiftUITests.debug.xcconfig */ = {isa = PBXFileReference; includeInIndex = 1; lastKnownFileType = text.xcconfig; name = "Pods-testSwiftUITests.debug.xcconfig"; path = "Target Support Files/Pods-testSwiftUITests/Pods-testSwiftUITests.debug.xcconfig"; sourceTree = "<group>"; };
		A422B56CB000519AB4304DB7 /* Pods_testSwiftUI.framework */ = {isa = PBXFileReference; explicitFileType = wrapper.framework; includeInIndex = 0; path = Pods_testSwiftUI.framework; sourceTree = BUILT_PRODUCTS_DIR; };
		C4604BBF0E95282391B532C8 /* Pods-testSwiftUIUITests.debug.xcconfig */ = {isa = PBXFileReference; includeInIndex = 1; lastKnownFileType = text.xcconfig; name = "Pods-testSwiftUIUITests.debug.xcconfig"; path = "Target Support Files/Pods-testSwiftUIUITests/Pods-testSwiftUIUITests.debug.xcconfig"; sourceTree = "<group>"; };
		F14A790828979F68F4A4943A /* Pods-testSwiftUI.debug.xcconfig */ = {isa = PBXFileReference; includeInIndex = 1; lastKnownFileType = text.xcconfig; name = "Pods-testSwiftUI.debug.xcconfig"; path = "Target Support Files/Pods-testSwiftUI/Pods-testSwiftUI.debug.xcconfig"; sourceTree = "<group>"; };
/* End PBXFileReference section */

/* Begin PBXFrameworksBuildPhase section */
		4D63471C22A83AC900A7BBCF /* Frameworks */ = {
			isa = PBXFrameworksBuildPhase;
			buildActionMask = 2147483647;
			files = (
				4D49C4BD46B790C885CED5AC /* Pods_testSwiftUI.framework in Frameworks */,
			);
			runOnlyForDeploymentPostprocessing = 0;
		};
		4D63473222A83ACA00A7BBCF /* Frameworks */ = {
			isa = PBXFrameworksBuildPhase;
			buildActionMask = 2147483647;
			files = (
				BB84FD4FA476D6E6E8653ED7 /* Pods_testSwiftUITests.framework in Frameworks */,
			);
			runOnlyForDeploymentPostprocessing = 0;
		};
		4D63473D22A83ACA00A7BBCF /* Frameworks */ = {
			isa = PBXFrameworksBuildPhase;
			buildActionMask = 2147483647;
			files = (
				1735AB48CBFA7FC04D1B47E9 /* Pods_testSwiftUIUITests.framework in Frameworks */,
			);
			runOnlyForDeploymentPostprocessing = 0;
		};
/* End PBXFrameworksBuildPhase section */

/* Begin PBXGroup section */
		4D4EF3E222AFBFA30034552C /* SwiftUI */ = {
			isa = PBXGroup;
			children = (
				4D8CDED422BBD19E00C8ABFB /* Collection */,
				4D4EF3EA22B0FC8C0034552C /* SimpleView */,
				4D4EF3E922B0FBEE0034552C /* TableView */,
			);
			path = SwiftUI;
			sourceTree = "<group>";
		};
		4D4EF3E922B0FBEE0034552C /* TableView */ = {
			isa = PBXGroup;
			children = (
				4D8CDECE22B8BB2A00C8ABFB /* DetailSwiftUIView.swift */,
				4D9E107322AFADF600326263 /* TestRowSwiftUI.swift */,
				4D4EF3E322AFC0B30034552C /* TestListSwiftUI.swift */,
			);
			path = TableView;
			sourceTree = "<group>";
		};
		4D4EF3EA22B0FC8C0034552C /* SimpleView */ = {
			isa = PBXGroup;
			children = (
				4D63472622A83AC900A7BBCF /* ContentView.swift */,
				4D9E106C22AA378800326263 /* CircleImage.swift */,
			);
			path = SimpleView;
			sourceTree = "<group>";
		};
		4D63471622A83AC900A7BBCF = {
			isa = PBXGroup;
			children = (
				4D63472122A83AC900A7BBCF /* testSwiftUI */,
				4D63473822A83ACA00A7BBCF /* testSwiftUITests */,
				4D63474322A83ACB00A7BBCF /* testSwiftUIUITests */,
				4D63472022A83AC900A7BBCF /* Products */,
				7BF3D5CF6E36EA7177679FC3 /* Pods */,
				86B7465B497781B4BF4C4F2D /* Frameworks */,
			);
			sourceTree = "<group>";
		};
		4D63472022A83AC900A7BBCF /* Products */ = {
			isa = PBXGroup;
			children = (
				4D63471F22A83AC900A7BBCF /* testSwiftUI.app */,
				4D63473522A83ACA00A7BBCF /* testSwiftUITests.xctest */,
				4D63474022A83ACA00A7BBCF /* testSwiftUIUITests.xctest */,
			);
			name = Products;
			sourceTree = "<group>";
		};
		4D63472122A83AC900A7BBCF /* testSwiftUI */ = {
			isa = PBXGroup;
			children = (
				4D9E107222AFAD2500326263 /* Model */,
				4D63472222A83AC900A7BBCF /* AppDelegate.swift */,
				4D63472422A83AC900A7BBCF /* SceneDelegate.swift */,
				4D6F299222A94EE80049D468 /* ViewController.swift */,
				4D4EF3E222AFBFA30034552C /* SwiftUI */,
				4D63472822A83ACA00A7BBCF /* Assets.xcassets */,
				4D63472D22A83ACA00A7BBCF /* LaunchScreen.storyboard */,
				4D63473022A83ACA00A7BBCF /* Info.plist */,
				4D6F299422A95AA20049D468 /* Storyboard.storyboard */,
				4D63472A22A83ACA00A7BBCF /* Preview Content */,
			);
			path = testSwiftUI;
			sourceTree = "<group>";
		};
		4D63472A22A83ACA00A7BBCF /* Preview Content */ = {
			isa = PBXGroup;
			children = (
				4D63472B22A83ACA00A7BBCF /* Preview Assets.xcassets */,
			);
			path = "Preview Content";
			sourceTree = "<group>";
		};
		4D63473822A83ACA00A7BBCF /* testSwiftUITests */ = {
			isa = PBXGroup;
			children = (
				4D63473922A83ACA00A7BBCF /* testSwiftUITests.swift */,
			);
			path = testSwiftUITests;
			sourceTree = "<group>";
		};
		4D63474322A83ACB00A7BBCF /* testSwiftUIUITests */ = {
			isa = PBXGroup;
			children = (
				4D63473B22A83ACA00A7BBCF /* Info.plist */,
				4D63474422A83ACB00A7BBCF /* testSwiftUIUITests.swift */,
				4D63474622A83ACB00A7BBCF /* Info.plist */,
			);
			path = testSwiftUIUITests;
			sourceTree = "<group>";
		};
		4D8CDED422BBD19E00C8ABFB /* Collection */ = {
			isa = PBXGroup;
			children = (
				4D4EF3ED22B0FFDE0034552C /* CollectionTestSwiftUI.swift */,
				4D4EF3EB22B0FE0C0034552C /* CollectionCellTestSwiftUI.swift */,
			);
			path = Collection;
			sourceTree = "<group>";
		};
		4D9E107222AFAD2500326263 /* Model */ = {
			isa = PBXGroup;
			children = (
				4D9E107522AFAF1A00326263 /* clientData.json */,
				4D9E106F22AFAD1800326263 /* Client.swift */,
				4D4EF3E722AFE89C0034552C /* Clients.swift */,
				4D9E107722AFB7A700326263 /* Shared.swift */,
			);
			path = Model;
			sourceTree = "<group>";
		};
		7BF3D5CF6E36EA7177679FC3 /* Pods */ = {
			isa = PBXGroup;
			children = (
				F14A790828979F68F4A4943A /* Pods-testSwiftUI.debug.xcconfig */,
				99CADE10BD237BA3E5A9698B /* Pods-testSwiftUI.release.xcconfig */,
				9E0D644DE1B1206790205496 /* Pods-testSwiftUITests.debug.xcconfig */,
				96755E9188E2634853FAB590 /* Pods-testSwiftUITests.release.xcconfig */,
				C4604BBF0E95282391B532C8 /* Pods-testSwiftUIUITests.debug.xcconfig */,
				47799196C36A8EA67BBC4D85 /* Pods-testSwiftUIUITests.release.xcconfig */,
			);
			path = Pods;
			sourceTree = "<group>";
		};
		86B7465B497781B4BF4C4F2D /* Frameworks */ = {
			isa = PBXGroup;
			children = (
				A422B56CB000519AB4304DB7 /* Pods_testSwiftUI.framework */,
				6B3AA99CACD4C90C3E50890C /* Pods_testSwiftUITests.framework */,
				212542CAE25FBE6388B64AA1 /* Pods_testSwiftUIUITests.framework */,
			);
			name = Frameworks;
			sourceTree = "<group>";
		};
/* End PBXGroup section */

/* Begin PBXNativeTarget section */
		4D63471E22A83AC900A7BBCF /* testSwiftUI */ = {
			isa = PBXNativeTarget;
			buildConfigurationList = 4D63474922A83ACB00A7BBCF /* Build configuration list for PBXNativeTarget "testSwiftUI" */;
			buildPhases = (
				F8EB838683A8A4B2C7ACE8DF /* [CP] Check Pods Manifest.lock */,
				4D63471B22A83AC900A7BBCF /* Sources */,
				4D63471C22A83AC900A7BBCF /* Frameworks */,
				4D63471D22A83AC900A7BBCF /* Resources */,
				E123E10694B7D3FE1423B622 /* [CP] Embed Pods Frameworks */,
			);
			buildRules = (
			);
			dependencies = (
			);
			name = testSwiftUI;
			productName = testSwiftUI;
			productReference = 4D63471F22A83AC900A7BBCF /* testSwiftUI.app */;
			productType = "com.apple.product-type.application";
		};
		4D63473422A83ACA00A7BBCF /* testSwiftUITests */ = {
			isa = PBXNativeTarget;
			buildConfigurationList = 4D63474C22A83ACB00A7BBCF /* Build configuration list for PBXNativeTarget "testSwiftUITests" */;
			buildPhases = (
				0BAA727FD1252EB5CC94A49F /* [CP] Check Pods Manifest.lock */,
				4D63473122A83ACA00A7BBCF /* Sources */,
				4D63473222A83ACA00A7BBCF /* Frameworks */,
				4D63473322A83ACA00A7BBCF /* Resources */,
			);
			buildRules = (
			);
			dependencies = (
				4D63473722A83ACA00A7BBCF /* PBXTargetDependency */,
			);
			name = testSwiftUITests;
			productName = testSwiftUITests;
			productReference = 4D63473522A83ACA00A7BBCF /* testSwiftUITests.xctest */;
			productType = "com.apple.product-type.bundle.unit-test";
		};
		4D63473F22A83ACA00A7BBCF /* testSwiftUIUITests */ = {
			isa = PBXNativeTarget;
			buildConfigurationList = 4D63474F22A83ACB00A7BBCF /* Build configuration list for PBXNativeTarget "testSwiftUIUITests" */;
			buildPhases = (
				4C957D796CABCA383C76F5F5 /* [CP] Check Pods Manifest.lock */,
				4D63473C22A83ACA00A7BBCF /* Sources */,
				4D63473D22A83ACA00A7BBCF /* Frameworks */,
				4D63473E22A83ACA00A7BBCF /* Resources */,
			);
			buildRules = (
			);
			dependencies = (
				4D63474222A83ACB00A7BBCF /* PBXTargetDependency */,
			);
			name = testSwiftUIUITests;
			productName = testSwiftUIUITests;
			productReference = 4D63474022A83ACA00A7BBCF /* testSwiftUIUITests.xctest */;
			productType = "com.apple.product-type.bundle.ui-testing";
		};
/* End PBXNativeTarget section */

/* Begin PBXProject section */
		4D63471722A83AC900A7BBCF /* Project object */ = {
			isa = PBXProject;
			attributes = {
				LastSwiftUpdateCheck = 1100;
				LastUpgradeCheck = 1100;
				ORGANIZATIONNAME = "nunzio giulio caggegi";
				TargetAttributes = {
					4D63471E22A83AC900A7BBCF = {
						CreatedOnToolsVersion = 11.0;
					};
					4D63473422A83ACA00A7BBCF = {
						CreatedOnToolsVersion = 11.0;
						TestTargetID = 4D63471E22A83AC900A7BBCF;
					};
					4D63473F22A83ACA00A7BBCF = {
						CreatedOnToolsVersion = 11.0;
						TestTargetID = 4D63471E22A83AC900A7BBCF;
					};
				};
			};
			buildConfigurationList = 4D63471A22A83AC900A7BBCF /* Build configuration list for PBXProject "testSwiftUI" */;
			compatibilityVersion = "Xcode 9.3";
			developmentRegion = en;
			hasScannedForEncodings = 0;
			knownRegions = (
				en,
				Base,
			);
			mainGroup = 4D63471622A83AC900A7BBCF;
			productRefGroup = 4D63472022A83AC900A7BBCF /* Products */;
			projectDirPath = "";
			projectRoot = "";
			targets = (
				4D63471E22A83AC900A7BBCF /* testSwiftUI */,
				4D63473422A83ACA00A7BBCF /* testSwiftUITests */,
				4D63473F22A83ACA00A7BBCF /* testSwiftUIUITests */,
			);
		};
/* End PBXProject section */

/* Begin PBXResourcesBuildPhase section */
		4D63471D22A83AC900A7BBCF /* Resources */ = {
			isa = PBXResourcesBuildPhase;
			buildActionMask = 2147483647;
			files = (
				4D63472F22A83ACA00A7BBCF /* LaunchScreen.storyboard in Resources */,
				4D6F299522A95AA20049D468 /* Storyboard.storyboard in Resources */,
				4D9E107622AFAF1A00326263 /* clientData.json in Resources */,
				4D63472C22A83ACA00A7BBCF /* Preview Assets.xcassets in Resources */,
				4D63472922A83ACA00A7BBCF /* Assets.xcassets in Resources */,
			);
			runOnlyForDeploymentPostprocessing = 0;
		};
		4D63473322A83ACA00A7BBCF /* Resources */ = {
			isa = PBXResourcesBuildPhase;
			buildActionMask = 2147483647;
			files = (
			);
			runOnlyForDeploymentPostprocessing = 0;
		};
		4D63473E22A83ACA00A7BBCF /* Resources */ = {
			isa = PBXResourcesBuildPhase;
			buildActionMask = 2147483647;
			files = (
			);
			runOnlyForDeploymentPostprocessing = 0;
		};
/* End PBXResourcesBuildPhase section */

/* Begin PBXShellScriptBuildPhase section */
		0BAA727FD1252EB5CC94A49F /* [CP] Check Pods Manifest.lock */ = {
			isa = PBXShellScriptBuildPhase;
			buildActionMask = 2147483647;
			files = (
			);
			inputFileListPaths = (
			);
			inputPaths = (
				"${PODS_PODFILE_DIR_PATH}/Podfile.lock",
				"${PODS_ROOT}/Manifest.lock",
			);
			name = "[CP] Check Pods Manifest.lock";
			outputFileListPaths = (
			);
			outputPaths = (
				"$(DERIVED_FILE_DIR)/Pods-testSwiftUITests-checkManifestLockResult.txt",
			);
			runOnlyForDeploymentPostprocessing = 0;
			shellPath = /bin/sh;
			shellScript = "diff \"${PODS_PODFILE_DIR_PATH}/Podfile.lock\" \"${PODS_ROOT}/Manifest.lock\" > /dev/null\nif [ $? != 0 ] ; then\n    # print error to STDERR\n    echo \"error: The sandbox is not in sync with the Podfile.lock. Run 'pod install' or update your CocoaPods installation.\" >&2\n    exit 1\nfi\n# This output is used by Xcode 'outputs' to avoid re-running this script phase.\necho \"SUCCESS\" > \"${SCRIPT_OUTPUT_FILE_0}\"\n";
			showEnvVarsInLog = 0;
		};
		4C957D796CABCA383C76F5F5 /* [CP] Check Pods Manifest.lock */ = {
			isa = PBXShellScriptBuildPhase;
			buildActionMask = 2147483647;
			files = (
			);
			inputFileListPaths = (
			);
			inputPaths = (
				"${PODS_PODFILE_DIR_PATH}/Podfile.lock",
				"${PODS_ROOT}/Manifest.lock",
			);
			name = "[CP] Check Pods Manifest.lock";
			outputFileListPaths = (
			);
			outputPaths = (
				"$(DERIVED_FILE_DIR)/Pods-testSwiftUIUITests-checkManifestLockResult.txt",
			);
			runOnlyForDeploymentPostprocessing = 0;
			shellPath = /bin/sh;
			shellScript = "diff \"${PODS_PODFILE_DIR_PATH}/Podfile.lock\" \"${PODS_ROOT}/Manifest.lock\" > /dev/null\nif [ $? != 0 ] ; then\n    # print error to STDERR\n    echo \"error: The sandbox is not in sync with the Podfile.lock. Run 'pod install' or update your CocoaPods installation.\" >&2\n    exit 1\nfi\n# This output is used by Xcode 'outputs' to avoid re-running this script phase.\necho \"SUCCESS\" > \"${SCRIPT_OUTPUT_FILE_0}\"\n";
			showEnvVarsInLog = 0;
		};
		E123E10694B7D3FE1423B622 /* [CP] Embed Pods Frameworks */ = {
			isa = PBXShellScriptBuildPhase;
			buildActionMask = 2147483647;
			files = (
			);
			inputFileListPaths = (
				"${PODS_ROOT}/Target Support Files/Pods-testSwiftUI/Pods-testSwiftUI-frameworks-${CONFIGURATION}-input-files.xcfilelist",
			);
			name = "[CP] Embed Pods Frameworks";
			outputFileListPaths = (
				"${PODS_ROOT}/Target Support Files/Pods-testSwiftUI/Pods-testSwiftUI-frameworks-${CONFIGURATION}-output-files.xcfilelist",
			);
			runOnlyForDeploymentPostprocessing = 0;
			shellPath = /bin/sh;
			shellScript = "\"${PODS_ROOT}/Target Support Files/Pods-testSwiftUI/Pods-testSwiftUI-frameworks.sh\"\n";
			showEnvVarsInLog = 0;
		};
		F8EB838683A8A4B2C7ACE8DF /* [CP] Check Pods Manifest.lock */ = {
			isa = PBXShellScriptBuildPhase;
			buildActionMask = 2147483647;
			files = (
			);
			inputFileListPaths = (
			);
			inputPaths = (
				"${PODS_PODFILE_DIR_PATH}/Podfile.lock",
				"${PODS_ROOT}/Manifest.lock",
			);
			name = "[CP] Check Pods Manifest.lock";
			outputFileListPaths = (
			);
			outputPaths = (
				"$(DERIVED_FILE_DIR)/Pods-testSwiftUI-checkManifestLockResult.txt",
			);
			runOnlyForDeploymentPostprocessing = 0;
			shellPath = /bin/sh;
			shellScript = "diff \"${PODS_PODFILE_DIR_PATH}/Podfile.lock\" \"${PODS_ROOT}/Manifest.lock\" > /dev/null\nif [ $? != 0 ] ; then\n    # print error to STDERR\n    echo \"error: The sandbox is not in sync with the Podfile.lock. Run 'pod install' or update your CocoaPods installation.\" >&2\n    exit 1\nfi\n# This output is used by Xcode 'outputs' to avoid re-running this script phase.\necho \"SUCCESS\" > \"${SCRIPT_OUTPUT_FILE_0}\"\n";
			showEnvVarsInLog = 0;
		};
/* End PBXShellScriptBuildPhase section */

/* Begin PBXSourcesBuildPhase section */
		4D63471B22A83AC900A7BBCF /* Sources */ = {
			isa = PBXSourcesBuildPhase;
			buildActionMask = 2147483647;
			files = (
				4D63472322A83AC900A7BBCF /* AppDelegate.swift in Sources */,
				4D9E107122AFAD1800326263 /* Client.swift in Sources */,
				4D9E107422AFADF600326263 /* TestRowSwiftUI.swift in Sources */,
				4D63472522A83AC900A7BBCF /* SceneDelegate.swift in Sources */,
				4D4EF3E822AFE89C0034552C /* Clients.swift in Sources */,
				4D4EF3EE22B0FFDE0034552C /* CollectionTestSwiftUI.swift in Sources */,
				4D6F299322A94EE80049D468 /* ViewController.swift in Sources */,
				4D9E107822AFB7A700326263 /* Shared.swift in Sources */,
				4D4EF3E422AFC0B30034552C /* TestListSwiftUI.swift in Sources */,
				4D63472722A83AC900A7BBCF /* ContentView.swift in Sources */,
				4D8CDECF22B8BB2A00C8ABFB /* DetailSwiftUIView.swift in Sources */,
				4D4EF3EC22B0FE0C0034552C /* CollectionCellTestSwiftUI.swift in Sources */,
				4D9E106D22AA378800326263 /* CircleImage.swift in Sources */,
			);
			runOnlyForDeploymentPostprocessing = 0;
		};
		4D63473122A83ACA00A7BBCF /* Sources */ = {
			isa = PBXSourcesBuildPhase;
			buildActionMask = 2147483647;
			files = (
				4D63473A22A83ACA00A7BBCF /* testSwiftUITests.swift in Sources */,
			);
			runOnlyForDeploymentPostprocessing = 0;
		};
		4D63473C22A83ACA00A7BBCF /* Sources */ = {
			isa = PBXSourcesBuildPhase;
			buildActionMask = 2147483647;
			files = (
				4D63474522A83ACB00A7BBCF /* testSwiftUIUITests.swift in Sources */,
			);
			runOnlyForDeploymentPostprocessing = 0;
		};
/* End PBXSourcesBuildPhase section */

/* Begin PBXTargetDependency section */
		4D63473722A83ACA00A7BBCF /* PBXTargetDependency */ = {
			isa = PBXTargetDependency;
			target = 4D63471E22A83AC900A7BBCF /* testSwiftUI */;
			targetProxy = 4D63473622A83ACA00A7BBCF /* PBXContainerItemProxy */;
		};
		4D63474222A83ACB00A7BBCF /* PBXTargetDependency */ = {
			isa = PBXTargetDependency;
			target = 4D63471E22A83AC900A7BBCF /* testSwiftUI */;
			targetProxy = 4D63474122A83ACB00A7BBCF /* PBXContainerItemProxy */;
		};
/* End PBXTargetDependency section */

/* Begin PBXVariantGroup section */
		4D63472D22A83ACA00A7BBCF /* LaunchScreen.storyboard */ = {
			isa = PBXVariantGroup;
			children = (
				4D63472E22A83ACA00A7BBCF /* Base */,
			);
			name = LaunchScreen.storyboard;
			sourceTree = "<group>";
		};
/* End PBXVariantGroup section */

/* Begin XCBuildConfiguration section */
		4D63474722A83ACB00A7BBCF /* Debug */ = {
			isa = XCBuildConfiguration;
			buildSettings = {
				ALWAYS_SEARCH_USER_PATHS = NO;
				CLANG_ANALYZER_NONNULL = YES;
				CLANG_ANALYZER_NUMBER_OBJECT_CONVERSION = YES_AGGRESSIVE;
				CLANG_CXX_LANGUAGE_STANDARD = "gnu++14";
				CLANG_CXX_LIBRARY = "libc++";
				CLANG_ENABLE_MODULES = YES;
				CLANG_ENABLE_OBJC_ARC = YES;
				CLANG_ENABLE_OBJC_WEAK = YES;
				CLANG_WARN_BLOCK_CAPTURE_AUTORELEASING = YES;
				CLANG_WARN_BOOL_CONVERSION = YES;
				CLANG_WARN_COMMA = YES;
				CLANG_WARN_CONSTANT_CONVERSION = YES;
				CLANG_WARN_DEPRECATED_OBJC_IMPLEMENTATIONS = YES;
				CLANG_WARN_DIRECT_OBJC_ISA_USAGE = YES_ERROR;
				CLANG_WARN_DOCUMENTATION_COMMENTS = YES;
				CLANG_WARN_EMPTY_BODY = YES;
				CLANG_WARN_ENUM_CONVERSION = YES;
				CLANG_WARN_INFINITE_RECURSION = YES;
				CLANG_WARN_INT_CONVERSION = YES;
				CLANG_WARN_NON_LITERAL_NULL_CONVERSION = YES;
				CLANG_WARN_OBJC_IMPLICIT_RETAIN_SELF = YES;
				CLANG_WARN_OBJC_LITERAL_CONVERSION = YES;
				CLANG_WARN_OBJC_ROOT_CLASS = YES_ERROR;
				CLANG_WARN_RANGE_LOOP_ANALYSIS = YES;
				CLANG_WARN_STRICT_PROTOTYPES = YES;
				CLANG_WARN_SUSPICIOUS_MOVE = YES;
				CLANG_WARN_UNGUARDED_AVAILABILITY = YES_AGGRESSIVE;
				CLANG_WARN_UNREACHABLE_CODE = YES;
				CLANG_WARN__DUPLICATE_METHOD_MATCH = YES;
				COPY_PHASE_STRIP = NO;
				DEBUG_INFORMATION_FORMAT = dwarf;
				ENABLE_STRICT_OBJC_MSGSEND = YES;
				ENABLE_TESTABILITY = YES;
				GCC_C_LANGUAGE_STANDARD = gnu11;
				GCC_DYNAMIC_NO_PIC = NO;
				GCC_NO_COMMON_BLOCKS = YES;
				GCC_OPTIMIZATION_LEVEL = 0;
				GCC_PREPROCESSOR_DEFINITIONS = (
					"DEBUG=1",
					"$(inherited)",
				);
				GCC_WARN_64_TO_32_BIT_CONVERSION = YES;
				GCC_WARN_ABOUT_RETURN_TYPE = YES_ERROR;
				GCC_WARN_UNDECLARED_SELECTOR = YES;
				GCC_WARN_UNINITIALIZED_AUTOS = YES_AGGRESSIVE;
				GCC_WARN_UNUSED_FUNCTION = YES;
				GCC_WARN_UNUSED_VARIABLE = YES;
				IPHONEOS_DEPLOYMENT_TARGET = 13.0;
				MTL_ENABLE_DEBUG_INFO = INCLUDE_SOURCE;
				MTL_FAST_MATH = YES;
				ONLY_ACTIVE_ARCH = YES;
				SDKROOT = iphoneos;
				SWIFT_ACTIVE_COMPILATION_CONDITIONS = DEBUG;
				SWIFT_OPTIMIZATION_LEVEL = "-Onone";
			};
			name = Debug;
		};
		4D63474822A83ACB00A7BBCF /* Release */ = {
			isa = XCBuildConfiguration;
			buildSettings = {
				ALWAYS_SEARCH_USER_PATHS = NO;
				CLANG_ANALYZER_NONNULL = YES;
				CLANG_ANALYZER_NUMBER_OBJECT_CONVERSION = YES_AGGRESSIVE;
				CLANG_CXX_LANGUAGE_STANDARD = "gnu++14";
				CLANG_CXX_LIBRARY = "libc++";
				CLANG_ENABLE_MODULES = YES;
				CLANG_ENABLE_OBJC_ARC = YES;
				CLANG_ENABLE_OBJC_WEAK = YES;
				CLANG_WARN_BLOCK_CAPTURE_AUTORELEASING = YES;
				CLANG_WARN_BOOL_CONVERSION = YES;
				CLANG_WARN_COMMA = YES;
				CLANG_WARN_CONSTANT_CONVERSION = YES;
				CLANG_WARN_DEPRECATED_OBJC_IMPLEMENTATIONS = YES;
				CLANG_WARN_DIRECT_OBJC_ISA_USAGE = YES_ERROR;
				CLANG_WARN_DOCUMENTATION_COMMENTS = YES;
				CLANG_WARN_EMPTY_BODY = YES;
				CLANG_WARN_ENUM_CONVERSION = YES;
				CLANG_WARN_INFINITE_RECURSION = YES;
				CLANG_WARN_INT_CONVERSION = YES;
				CLANG_WARN_NON_LITERAL_NULL_CONVERSION = YES;
				CLANG_WARN_OBJC_IMPLICIT_RETAIN_SELF = YES;
				CLANG_WARN_OBJC_LITERAL_CONVERSION = YES;
				CLANG_WARN_OBJC_ROOT_CLASS = YES_ERROR;
				CLANG_WARN_RANGE_LOOP_ANALYSIS = YES;
				CLANG_WARN_STRICT_PROTOTYPES = YES;
				CLANG_WARN_SUSPICIOUS_MOVE = YES;
				CLANG_WARN_UNGUARDED_AVAILABILITY = YES_AGGRESSIVE;
				CLANG_WARN_UNREACHABLE_CODE = YES;
				CLANG_WARN__DUPLICATE_METHOD_MATCH = YES;
				COPY_PHASE_STRIP = NO;
				DEBUG_INFORMATION_FORMAT = "dwarf-with-dsym";
				ENABLE_NS_ASSERTIONS = NO;
				ENABLE_STRICT_OBJC_MSGSEND = YES;
				GCC_C_LANGUAGE_STANDARD = gnu11;
				GCC_NO_COMMON_BLOCKS = YES;
				GCC_WARN_64_TO_32_BIT_CONVERSION = YES;
				GCC_WARN_ABOUT_RETURN_TYPE = YES_ERROR;
				GCC_WARN_UNDECLARED_SELECTOR = YES;
				GCC_WARN_UNINITIALIZED_AUTOS = YES_AGGRESSIVE;
				GCC_WARN_UNUSED_FUNCTION = YES;
				GCC_WARN_UNUSED_VARIABLE = YES;
				IPHONEOS_DEPLOYMENT_TARGET = 13.0;
				MTL_ENABLE_DEBUG_INFO = NO;
				MTL_FAST_MATH = YES;
				SDKROOT = iphoneos;
				SWIFT_COMPILATION_MODE = wholemodule;
				SWIFT_OPTIMIZATION_LEVEL = "-O";
				VALIDATE_PRODUCT = YES;
			};
			name = Release;
		};
		4D63474A22A83ACB00A7BBCF /* Debug */ = {
			isa = XCBuildConfiguration;
			baseConfigurationReference = F14A790828979F68F4A4943A /* Pods-testSwiftUI.debug.xcconfig */;
			buildSettings = {
				ASSETCATALOG_COMPILER_APPICON_NAME = AppIcon;
				CODE_SIGN_STYLE = Automatic;
				DEVELOPMENT_ASSET_PATHS = "testSwiftUI/Preview\\ Content";
				DEVELOPMENT_TEAM = GF6WZHA9DX;
				ENABLE_PREVIEWS = YES;
				INFOPLIST_FILE = testSwiftUI/Info.plist;
				LD_RUNPATH_SEARCH_PATHS = (
					"$(inherited)",
					"@executable_path/Frameworks",
				);
				PRODUCT_BUNDLE_IDENTIFIER = com.ncg.testSwiftUI.testSwiftUI;
				PRODUCT_NAME = "$(TARGET_NAME)";
				SWIFT_VERSION = 5.0;
				TARGETED_DEVICE_FAMILY = "1,2";
			};
			name = Debug;
		};
		4D63474B22A83ACB00A7BBCF /* Release */ = {
			isa = XCBuildConfiguration;
			baseConfigurationReference = 99CADE10BD237BA3E5A9698B /* Pods-testSwiftUI.release.xcconfig */;
			buildSettings = {
				ASSETCATALOG_COMPILER_APPICON_NAME = AppIcon;
				CODE_SIGN_STYLE = Automatic;
				DEVELOPMENT_ASSET_PATHS = "testSwiftUI/Preview\\ Content";
				DEVELOPMENT_TEAM = GF6WZHA9DX;
				ENABLE_PREVIEWS = YES;
				INFOPLIST_FILE = testSwiftUI/Info.plist;
				LD_RUNPATH_SEARCH_PATHS = (
					"$(inherited)",
					"@executable_path/Frameworks",
				);
				PRODUCT_BUNDLE_IDENTIFIER = com.ncg.testSwiftUI.testSwiftUI;
				PRODUCT_NAME = "$(TARGET_NAME)";
				SWIFT_VERSION = 5.0;
				TARGETED_DEVICE_FAMILY = "1,2";
			};
			name = Release;
		};
		4D63474D22A83ACB00A7BBCF /* Debug */ = {
			isa = XCBuildConfiguration;
			baseConfigurationReference = 9E0D644DE1B1206790205496 /* Pods-testSwiftUITests.debug.xcconfig */;
			buildSettings = {
				ALWAYS_EMBED_SWIFT_STANDARD_LIBRARIES = YES;
				BUNDLE_LOADER = "$(TEST_HOST)";
				CODE_SIGN_STYLE = Automatic;
				DEVELOPMENT_TEAM = GF6WZHA9DX;
				INFOPLIST_FILE = testSwiftUITests/Info.plist;
				LD_RUNPATH_SEARCH_PATHS = (
					"$(inherited)",
					"@executable_path/Frameworks",
					"@loader_path/Frameworks",
				);
				PRODUCT_BUNDLE_IDENTIFIER = com.ncg.testSwiftUI.testSwiftUITests;
				PRODUCT_NAME = "$(TARGET_NAME)";
				SWIFT_VERSION = 5.0;
				TARGETED_DEVICE_FAMILY = "1,2";
				TEST_HOST = "$(BUILT_PRODUCTS_DIR)/testSwiftUI.app/testSwiftUI";
			};
			name = Debug;
		};
		4D63474E22A83ACB00A7BBCF /* Release */ = {
			isa = XCBuildConfiguration;
			baseConfigurationReference = 96755E9188E2634853FAB590 /* Pods-testSwiftUITests.release.xcconfig */;
			buildSettings = {
				ALWAYS_EMBED_SWIFT_STANDARD_LIBRARIES = YES;
				BUNDLE_LOADER = "$(TEST_HOST)";
				CODE_SIGN_STYLE = Automatic;
				DEVELOPMENT_TEAM = GF6WZHA9DX;
				INFOPLIST_FILE = testSwiftUITests/Info.plist;
				LD_RUNPATH_SEARCH_PATHS = (
					"$(inherited)",
					"@executable_path/Frameworks",
					"@loader_path/Frameworks",
				);
				PRODUCT_BUNDLE_IDENTIFIER = com.ncg.testSwiftUI.testSwiftUITests;
				PRODUCT_NAME = "$(TARGET_NAME)";
				SWIFT_VERSION = 5.0;
				TARGETED_DEVICE_FAMILY = "1,2";
				TEST_HOST = "$(BUILT_PRODUCTS_DIR)/testSwiftUI.app/testSwiftUI";
			};
			name = Release;
		};
		4D63475022A83ACB00A7BBCF /* Debug */ = {
			isa = XCBuildConfiguration;
			baseConfigurationReference = C4604BBF0E95282391B532C8 /* Pods-testSwiftUIUITests.debug.xcconfig */;
			buildSettings = {
				ALWAYS_EMBED_SWIFT_STANDARD_LIBRARIES = YES;
				CODE_SIGN_STYLE = Automatic;
				DEVELOPMENT_TEAM = GF6WZHA9DX;
				INFOPLIST_FILE = testSwiftUIUITests/Info.plist;
				LD_RUNPATH_SEARCH_PATHS = (
					"$(inherited)",
					"@executable_path/Frameworks",
					"@loader_path/Frameworks",
				);
				PRODUCT_BUNDLE_IDENTIFIER = com.ncg.testSwiftUI.testSwiftUIUITests;
				PRODUCT_NAME = "$(TARGET_NAME)";
				SWIFT_VERSION = 5.0;
				TARGETED_DEVICE_FAMILY = "1,2";
				TEST_TARGET_NAME = testSwiftUI;
			};
			name = Debug;
		};
		4D63475122A83ACB00A7BBCF /* Release */ = {
			isa = XCBuildConfiguration;
			baseConfigurationReference = 47799196C36A8EA67BBC4D85 /* Pods-testSwiftUIUITests.release.xcconfig */;
			buildSettings = {
				ALWAYS_EMBED_SWIFT_STANDARD_LIBRARIES = YES;
				CODE_SIGN_STYLE = Automatic;
				DEVELOPMENT_TEAM = GF6WZHA9DX;
				INFOPLIST_FILE = testSwiftUIUITests/Info.plist;
				LD_RUNPATH_SEARCH_PATHS = (
					"$(inherited)",
					"@executable_path/Frameworks",
					"@loader_path/Frameworks",
				);
				PRODUCT_BUNDLE_IDENTIFIER = com.ncg.testSwiftUI.testSwiftUIUITests;
				PRODUCT_NAME = "$(TARGET_NAME)";
				SWIFT_VERSION = 5.0;
				TARGETED_DEVICE_FAMILY = "1,2";
				TEST_TARGET_NAME = testSwiftUI;
			};
			name = Release;
		};
/* End XCBuildConfiguration section */

/* Begin XCConfigurationList section */
		4D63471A22A83AC900A7BBCF /* Build configuration list for PBXProject "testSwiftUI" */ = {
			isa = XCConfigurationList;
			buildConfigurations = (
				4D63474722A83ACB00A7BBCF /* Debug */,
				4D63474822A83ACB00A7BBCF /* Release */,
			);
			defaultConfigurationIsVisible = 0;
			defaultConfigurationName = Release;
		};
		4D63474922A83ACB00A7BBCF /* Build configuration list for PBXNativeTarget "testSwiftUI" */ = {
			isa = XCConfigurationList;
			buildConfigurations = (
				4D63474A22A83ACB00A7BBCF /* Debug */,
				4D63474B22A83ACB00A7BBCF /* Release */,
			);
			defaultConfigurationIsVisible = 0;
			defaultConfigurationName = Release;
		};
		4D63474C22A83ACB00A7BBCF /* Build configuration list for PBXNativeTarget "testSwiftUITests" */ = {
			isa = XCConfigurationList;
			buildConfigurations = (
				4D63474D22A83ACB00A7BBCF /* Debug */,
				4D63474E22A83ACB00A7BBCF /* Release */,
			);
			defaultConfigurationIsVisible = 0;
			defaultConfigurationName = Release;
		};
		4D63474F22A83ACB00A7BBCF /* Build configuration list for PBXNativeTarget "testSwiftUIUITests" */ = {
			isa = XCConfigurationList;
			buildConfigurations = (
				4D63475022A83ACB00A7BBCF /* Debug */,
				4D63475122A83ACB00A7BBCF /* Release */,
			);
			defaultConfigurationIsVisible = 0;
			defaultConfigurationName = Release;
		};
/* End XCConfigurationList section */
	};
	rootObject = 4D63471722A83AC900A7BBCF /* Project object */;
}
